
Microsoft Visual Studio Solution File, Format Version 12.00
# Visual Studio Version 16
VisualStudioVersion = 25.0.1706.7
MinimumVisualStudioVersion = 10.0.40219.1
Project("{FAE04EC0-301F-11D3-BF4B-00C04F79EFBC}") = "week13SqlLite", "week13SqlLite\week13SqlLite.csproj", "{861897A2-70CC-4803-94C3-E92AB99BCDC9}"
EndProject
Global
	GlobalSection(SolutionConfigurationPlatforms) = preSolution
		Debug|Any CPU = Debug|Any CPU
		Release|Any CPU = Release|Any CPU
	EndGlobalSection
	GlobalSection(ProjectConfigurationPlatforms) = postSolution
		{861897A2-70CC-4803-94C3-E92AB99BCDC9}.Debug|Any CPU.ActiveCfg = Debug|Any CPU
		{861897A2-70CC-4803-94C3-E92AB99BCDC9}.Debug|Any CPU.Build.0 = Debug|Any CPU
		{861897A2-70CC-4803-94C3-E92AB99BCDC9}.Release|Any CPU.ActiveCfg = Release|Any CPU
		{861897A2-70CC-4803-94C3-E92AB99BCDC9}.Release|Any CPU.Build.0 = Release|Any CPU
	EndGlobalSection
	GlobalSection(SolutionProperties) = preSolution
		HideSolutionNode = FALSE
	EndGlobalSection
	GlobalSection(ExtensibilityGlobals) = postSolution
		SolutionGuid = {9E0375F3-980B-4E67-9C4E-981A98A1CB3A}
	EndGlobalSection
EndGlobal
